
Microsoft Visual Studio Solution File, Format Version 12.00
# Visual Studio 15
VisualStudioVersion = 15.0.28307.1525
MinimumVisualStudioVersion = 10.0.40219.1
Project("{FAE04EC0-301F-11D3-BF4B-00C04F79EFBC}") = "3DRendering", "3DRendering\3DRendering.csproj", "{086A64AD-CC6F-49EC-93B0-87529BD79C1C}"
EndProject
Global
	GlobalSection(SolutionConfigurationPlatforms) = preSolution
		Debug|Any CPU = Debug|Any CPU
		Release|Any CPU = Release|Any CPU
	EndGlobalSection
	GlobalSection(ProjectConfigurationPlatforms) = postSolution
		{086A64AD-CC6F-49EC-93B0-87529BD79C1C}.Debug|Any CPU.ActiveCfg = Debug|Any CPU
		{086A64AD-CC6F-49EC-93B0-87529BD79C1C}.Debug|Any CPU.Build.0 = Debug|Any CPU
		{086A64AD-CC6F-49EC-93B0-87529BD79C1C}.Release|Any CPU.ActiveCfg = Release|Any CPU
		{086A64AD-CC6F-49EC-93B0-87529BD79C1C}.Release|Any CPU.Build.0 = Release|Any CPU
	EndGlobalSection
	GlobalSection(SolutionProperties) = preSolution
		HideSolutionNode = FALSE
	EndGlobalSection
	GlobalSection(ExtensibilityGlobals) = postSolution
		SolutionGuid = {8D29EDAF-1B0E-4B09-AC15-1DCA4994E48E}
	EndGlobalSection
EndGlobal
